
Microsoft Visual Studio Solution File, Format Version 12.00
# Visual Studio 14
VisualStudioVersion = 14.0.25420.1
MinimumVisualStudioVersion = 10.0.40219.1
Project("{8BC9CEB8-8B4A-11D0-8D11-00A0C91BC942}") = "Example", "Example\Example.vcxproj", "{5825DB44-D986-4FB5-8F6B-5CA52889CE65}"
	ProjectSection(ProjectDependencies) = postProject
		{640AA600-704A-4CE6-968D-B5D205FFEC4C} = {640AA600-704A-4CE6-968D-B5D205FFEC4C}
		{7CD73C5F-0415-40D7-ADC9-CBBF7162F5D2} = {7CD73C5F-0415-40D7-ADC9-CBBF7162F5D2}
		{EA6F3B78-5EA6-43BE-83E0-8E3E529A3B52} = {EA6F3B78-5EA6-43BE-83E0-8E3E529A3B52}
		{C4EC3DA8-A247-479D-9CD6-7BA45B2B5829} = {C4EC3DA8-A247-479D-9CD6-7BA45B2B5829}
	EndProjectSection
EndProject
Project("{8BC9CEB8-8B4A-11D0-8D11-00A0C91BC942}") = "eLogger", "eLogger\eLogger.vcxproj", "{7CD73C5F-0415-40D7-ADC9-CBBF7162F5D2}"
EndProject
Project("{8BC9CEB8-8B4A-11D0-8D11-00A0C91BC942}") = "eMath", "eMath\eMath.vcxproj", "{640AA600-704A-4CE6-968D-B5D205FFEC4C}"
EndProject
Project("{8BC9CEB8-8B4A-11D0-8D11-00A0C91BC942}") = "eObjLoader", "eObjLoader\eObjLoader.vcxproj", "{EA6F3B78-5EA6-43BE-83E0-8E3E529A3B52}"
EndProject
Project("{8BC9CEB8-8B4A-11D0-8D11-00A0C91BC942}") = "eRandom", "eRandom\eRandom.vcxproj", "{690ABC85-9433-4C63-A213-052BB4EFEF52}"
EndProject
Project("{8BC9CEB8-8B4A-11D0-8D11-00A0C91BC942}") = "eRenderer", "eRenderer\eRenderer.vcxproj", "{C4EC3DA8-A247-479D-9CD6-7BA45B2B5829}"
	ProjectSection(ProjectDependencies) = postProject
		{640AA600-704A-4CE6-968D-B5D205FFEC4C} = {640AA600-704A-4CE6-968D-B5D205FFEC4C}
		{7CD73C5F-0415-40D7-ADC9-CBBF7162F5D2} = {7CD73C5F-0415-40D7-ADC9-CBBF7162F5D2}
		{690ABC85-9433-4C63-A213-052BB4EFEF52} = {690ABC85-9433-4C63-A213-052BB4EFEF52}
	EndProjectSection
EndProject
Global
	GlobalSection(SolutionConfigurationPlatforms) = preSolution
		Debug|x64 = Debug|x64
		Debug|x86 = Debug|x86
		Release|x64 = Release|x64
		Release|x86 = Release|x86
	EndGlobalSection
	GlobalSection(ProjectConfigurationPlatforms) = postSolution
		{5825DB44-D986-4FB5-8F6B-5CA52889CE65}.Debug|x64.ActiveCfg = Debug|x64
		{5825DB44-D986-4FB5-8F6B-5CA52889CE65}.Debug|x64.Build.0 = Debug|x64
		{5825DB44-D986-4FB5-8F6B-5CA52889CE65}.Debug|x86.ActiveCfg = Debug|Win32
		{5825DB44-D986-4FB5-8F6B-5CA52889CE65}.Debug|x86.Build.0 = Debug|Win32
		{5825DB44-D986-4FB5-8F6B-5CA52889CE65}.Release|x64.ActiveCfg = Release|x64
		{5825DB44-D986-4FB5-8F6B-5CA52889CE65}.Release|x64.Build.0 = Release|x64
		{5825DB44-D986-4FB5-8F6B-5CA52889CE65}.Release|x86.ActiveCfg = Release|Win32
		{5825DB44-D986-4FB5-8F6B-5CA52889CE65}.Release|x86.Build.0 = Release|Win32
		{7CD73C5F-0415-40D7-ADC9-CBBF7162F5D2}.Debug|x64.ActiveCfg = Debug|x64
		{7CD73C5F-0415-40D7-ADC9-CBBF7162F5D2}.Debug|x64.Build.0 = Debug|x64
		{7CD73C5F-0415-40D7-ADC9-CBBF7162F5D2}.Debug|x86.ActiveCfg = Debug|Win32
		{7CD73C5F-0415-40D7-ADC9-CBBF7162F5D2}.Debug|x86.Build.0 = Debug|Win32
		{7CD73C5F-0415-40D7-ADC9-CBBF7162F5D2}.Release|x64.ActiveCfg = Release|x64
		{7CD73C5F-0415-40D7-ADC9-CBBF7162F5D2}.Release|x64.Build.0 = Release|x64
		{7CD73C5F-0415-40D7-ADC9-CBBF7162F5D2}.Release|x86.ActiveCfg = Release|Win32
		{7CD73C5F-0415-40D7-ADC9-CBBF7162F5D2}.Release|x86.Build.0 = Release|Win32
		{640AA600-704A-4CE6-968D-B5D205FFEC4C}.Debug|x64.ActiveCfg = Debug|x64
		{640AA600-704A-4CE6-968D-B5D205FFEC4C}.Debug|x64.Build.0 = Debug|x64
		{640AA600-704A-4CE6-968D-B5D205FFEC4C}.Debug|x86.ActiveCfg = Debug|Win32
		{640AA600-704A-4CE6-968D-B5D205FFEC4C}.Debug|x86.Build.0 = Debug|Win32
		{640AA600-704A-4CE6-968D-B5D205FFEC4C}.Release|x64.ActiveCfg = Release|x64
		{640AA600-704A-4CE6-968D-B5D205FFEC4C}.Release|x64.Build.0 = Release|x64
		{640AA600-704A-4CE6-968D-B5D205FFEC4C}.Release|x86.ActiveCfg = Release|Win32
		{640AA600-704A-4CE6-968D-B5D205FFEC4C}.Release|x86.Build.0 = Release|Win32
		{EA6F3B78-5EA6-43BE-83E0-8E3E529A3B52}.Debug|x64.ActiveCfg = Debug|x64
		{EA6F3B78-5EA6-43BE-83E0-8E3E529A3B52}.Debug|x64.Build.0 = Debug|x64
		{EA6F3B78-5EA6-43BE-83E0-8E3E529A3B52}.Debug|x86.ActiveCfg = Debug|Win32
		{EA6F3B78-5EA6-43BE-83E0-8E3E529A3B52}.Debug|x86.Build.0 = Debug|Win32
		{EA6F3B78-5EA6-43BE-83E0-8E3E529A3B52}.Release|x64.ActiveCfg = Release|x64
		{EA6F3B78-5EA6-43BE-83E0-8E3E529A3B52}.Release|x64.Build.0 = Release|x64
		{EA6F3B78-5EA6-43BE-83E0-8E3E529A3B52}.Release|x86.ActiveCfg = Release|Win32
		{EA6F3B78-5EA6-43BE-83E0-8E3E529A3B52}.Release|x86.Build.0 = Release|Win32
		{690ABC85-9433-4C63-A213-052BB4EFEF52}.Debug|x64.ActiveCfg = Debug|x64
		{690ABC85-9433-4C63-A213-052BB4EFEF52}.Debug|x64.Build.0 = Debug|x64
		{690ABC85-9433-4C63-A213-052BB4EFEF52}.Debug|x86.ActiveCfg = Debug|Win32
		{690ABC85-9433-4C63-A213-052BB4EFEF52}.Debug|x86.Build.0 = Debug|Win32
		{690ABC85-9433-4C63-A213-052BB4EFEF52}.Release|x64.ActiveCfg = Release|x64
		{690ABC85-9433-4C63-A213-052BB4EFEF52}.Release|x64.Build.0 = Release|x64
		{690ABC85-9433-4C63-A213-052BB4EFEF52}.Release|x86.ActiveCfg = Release|Win32
		{690ABC85-9433-4C63-A213-052BB4EFEF52}.Release|x86.Build.0 = Release|Win32
		{C4EC3DA8-A247-479D-9CD6-7BA45B2B5829}.Debug|x64.ActiveCfg = Debug|x64
		{C4EC3DA8-A247-479D-9CD6-7BA45B2B5829}.Debug|x64.Build.0 = Debug|x64
		{C4EC3DA8-A247-479D-9CD6-7BA45B2B5829}.Debug|x86.ActiveCfg = Debug|Win32
		{C4EC3DA8-A247-479D-9CD6-7BA45B2B5829}.Debug|x86.Build.0 = Debug|Win32
		{C4EC3DA8-A247-479D-9CD6-7BA45B2B5829}.Release|x64.ActiveCfg = Release|x64
		{C4EC3DA8-A247-479D-9CD6-7BA45B2B5829}.Release|x64.Build.0 = Release|x64
		{C4EC3DA8-A247-479D-9CD6-7BA45B2B5829}.Release|x86.ActiveCfg = Release|Win32
		{C4EC3DA8-A247-479D-9CD6-7BA45B2B5829}.Release|x86.Build.0 = Release|Win32
	EndGlobalSection
	GlobalSection(SolutionProperties) = preSolution
		HideSolutionNode = FALSE
	EndGlobalSection
EndGlobal
